
Microsoft Visual Studio Solution File, Format Version 12.00
# Visual Studio Version 16
VisualStudioVersion = 16.0.29806.167
MinimumVisualStudioVersion = 10.0.40219.1
Project("{FAE04EC0-301F-11D3-BF4B-00C04F79EFBC}") = "MiniSimconnect", "MiniSimconnect\MiniSimconnect.csproj", "{946C6C46-DA01-4DBC-8434-7351BEFB6C57}"
EndProject
Global
	GlobalSection(SolutionConfigurationPlatforms) = preSolution
		Debug|Any CPU = Debug|Any CPU
		Release|Any CPU = Release|Any CPU
	EndGlobalSection
	GlobalSection(ProjectConfigurationPlatforms) = postSolution
		{946C6C46-DA01-4DBC-8434-7351BEFB6C57}.Debug|Any CPU.ActiveCfg = Debug|Any CPU
		{946C6C46-DA01-4DBC-8434-7351BEFB6C57}.Debug|Any CPU.Build.0 = Debug|Any CPU
		{946C6C46-DA01-4DBC-8434-7351BEFB6C57}.Release|Any CPU.ActiveCfg = Release|Any CPU
		{946C6C46-DA01-4DBC-8434-7351BEFB6C57}.Release|Any CPU.Build.0 = Release|Any CPU
	EndGlobalSection
	GlobalSection(SolutionProperties) = preSolution
		HideSolutionNode = FALSE
	EndGlobalSection
	GlobalSection(ExtensibilityGlobals) = postSolution
		SolutionGuid = {BBD6B5DB-AC2C-46CE-841D-6268FDFEC243}
	EndGlobalSection
EndGlobal
